
Microsoft Visual Studio Solution File, Format Version 12.00
# Visual Studio Version 17
VisualStudioVersion = 17.5.33424.131
MinimumVisualStudioVersion = 10.0.40219.1
Project("{FAE04EC0-301F-11D3-BF4B-00C04F79EFBC}") = "HelloWorldWF", "HelloWorldWF.csproj", "{07329DD8-2F86-4805-AA00-44C1AE864712}"
EndProject
Global
	GlobalSection(SolutionConfigurationPlatforms) = preSolution
		Debug|Any CPU = Debug|Any CPU
		Release|Any CPU = Release|Any CPU
	EndGlobalSection
	GlobalSection(ProjectConfigurationPlatforms) = postSolution
		{07329DD8-2F86-4805-AA00-44C1AE864712}.Debug|Any CPU.ActiveCfg = Debug|Any CPU
		{07329DD8-2F86-4805-AA00-44C1AE864712}.Debug|Any CPU.Build.0 = Debug|Any CPU
		{07329DD8-2F86-4805-AA00-44C1AE864712}.Release|Any CPU.ActiveCfg = Release|Any CPU
		{07329DD8-2F86-4805-AA00-44C1AE864712}.Release|Any CPU.Build.0 = Release|Any CPU
	EndGlobalSection
	GlobalSection(SolutionProperties) = preSolution
		HideSolutionNode = FALSE
	EndGlobalSection
	GlobalSection(ExtensibilityGlobals) = postSolution
		SolutionGuid = {9CE4DE21-5381-4D06-A56E-0945A09A88E9}
	EndGlobalSection
EndGlobal
